// !$*UTF8*$!
{
	archiveVersion = 1;
	classes = {
	};
	objectVersion = 46;
	objects = {

/* Begin PBXBuildFile section */
		C4AD48EDD1E6BEE361E5E310 /* Future.swift in Sources */ = {isa = PBXBuildFile; fileRef = C4AD460ED2FB5EC50A132D51 /* Future.swift */; };
		C4AD4A9B1FC21B119DE3D0EE /* AwaitError.swift in Sources */ = {isa = PBXBuildFile; fileRef = C4AD4CC15BCEB0182D9F8753 /* AwaitError.swift */; };
		C4AD4BD149558877AB62C6C3 /* AsyncAwait.swift in Sources */ = {isa = PBXBuildFile; fileRef = C4AD4900CF0288FB8622C59E /* AsyncAwait.swift */; };
		D3B69FD71F20A2F00008176C /* AsyncAwait.framework in Frameworks */ = {isa = PBXBuildFile; fileRef = D3B69FCD1F20A2F00008176C /* AsyncAwait.framework */; };
		D3B69FDC1F20A2F00008176C /* AsyncAwaitTests.swift in Sources */ = {isa = PBXBuildFile; fileRef = D3B69FDB1F20A2F00008176C /* AsyncAwaitTests.swift */; };
		D3B69FDE1F20A2F00008176C /* AsyncAwait.h in Headers */ = {isa = PBXBuildFile; fileRef = D3B69FD01F20A2F00008176C /* AsyncAwait.h */; settings = {ATTRIBUTES = (Public, ); }; };
/* End PBXBuildFile section */

/* Begin PBXContainerItemProxy section */
		D3B69FD81F20A2F00008176C /* PBXContainerItemProxy */ = {
			isa = PBXContainerItemProxy;
			containerPortal = D3B69FC41F20A2F00008176C /* Project object */;
			proxyType = 1;
			remoteGlobalIDString = D3B69FCC1F20A2F00008176C;
			remoteInfo = AsyncAwait;
		};
/* End PBXContainerItemProxy section */

/* Begin PBXFileReference section */
		C4AD460ED2FB5EC50A132D51 /* Future.swift */ = {isa = PBXFileReference; fileEncoding = 4; lastKnownFileType = sourcecode.swift; path = Future.swift; sourceTree = "<group>"; };
		C4AD4900CF0288FB8622C59E /* AsyncAwait.swift */ = {isa = PBXFileReference; fileEncoding = 4; lastKnownFileType = sourcecode.swift; path = AsyncAwait.swift; sourceTree = "<group>"; };
		C4AD4CC15BCEB0182D9F8753 /* AwaitError.swift */ = {isa = PBXFileReference; fileEncoding = 4; lastKnownFileType = sourcecode.swift; path = AwaitError.swift; sourceTree = "<group>"; };
		D3B69FCD1F20A2F00008176C /* AsyncAwait.framework */ = {isa = PBXFileReference; explicitFileType = wrapper.framework; includeInIndex = 0; path = AsyncAwait.framework; sourceTree = BUILT_PRODUCTS_DIR; };
		D3B69FD01F20A2F00008176C /* AsyncAwait.h */ = {isa = PBXFileReference; lastKnownFileType = sourcecode.c.h; path = AsyncAwait.h; sourceTree = "<group>"; };
		D3B69FD11F20A2F00008176C /* Info.plist */ = {isa = PBXFileReference; lastKnownFileType = text.plist.xml; path = Info.plist; sourceTree = "<group>"; };
		D3B69FD61F20A2F00008176C /* AsyncAwaitTests.xctest */ = {isa = PBXFileReference; explicitFileType = wrapper.cfbundle; includeInIndex = 0; path = AsyncAwaitTests.xctest; sourceTree = BUILT_PRODUCTS_DIR; };
		D3B69FDB1F20A2F00008176C /* AsyncAwaitTests.swift */ = {isa = PBXFileReference; lastKnownFileType = sourcecode.swift; path = AsyncAwaitTests.swift; sourceTree = "<group>"; };
		D3B69FDD1F20A2F00008176C /* Info.plist */ = {isa = PBXFileReference; lastKnownFileType = text.plist.xml; path = Info.plist; sourceTree = "<group>"; };
/* End PBXFileReference section */

/* Begin PBXFrameworksBuildPhase section */
		D3B69FC91F20A2F00008176C /* Frameworks */ = {
			isa = PBXFrameworksBuildPhase;
			buildActionMask = 2147483647;
			files = (
			);
			runOnlyForDeploymentPostprocessing = 0;
		};
		D3B69FD31F20A2F00008176C /* Frameworks */ = {
			isa = PBXFrameworksBuildPhase;
			buildActionMask = 2147483647;
			files = (
				D3B69FD71F20A2F00008176C /* AsyncAwait.framework in Frameworks */,
			);
			runOnlyForDeploymentPostprocessing = 0;
		};
/* End PBXFrameworksBuildPhase section */

/* Begin PBXGroup section */
		D3B69FC31F20A2F00008176C = {
			isa = PBXGroup;
			children = (
				D3B69FCF1F20A2F00008176C /* AsyncAwait */,
				D3B69FDA1F20A2F00008176C /* AsyncAwaitTests */,
				D3B69FCE1F20A2F00008176C /* Products */,
			);
			sourceTree = "<group>";
		};
		D3B69FCE1F20A2F00008176C /* Products */ = {
			isa = PBXGroup;
			children = (
				D3B69FCD1F20A2F00008176C /* AsyncAwait.framework */,
				D3B69FD61F20A2F00008176C /* AsyncAwaitTests.xctest */,
			);
			name = Products;
			sourceTree = "<group>";
		};
		D3B69FCF1F20A2F00008176C /* AsyncAwait */ = {
			isa = PBXGroup;
			children = (
				D3B69FD01F20A2F00008176C /* AsyncAwait.h */,
				D3B69FD11F20A2F00008176C /* Info.plist */,
				C4AD460ED2FB5EC50A132D51 /* Future.swift */,
				C4AD4CC15BCEB0182D9F8753 /* AwaitError.swift */,
				C4AD4900CF0288FB8622C59E /* AsyncAwait.swift */,
			);
			path = AsyncAwait;
			sourceTree = "<group>";
		};
		D3B69FDA1F20A2F00008176C /* AsyncAwaitTests */ = {
			isa = PBXGroup;
			children = (
				D3B69FDB1F20A2F00008176C /* AsyncAwaitTests.swift */,
				D3B69FDD1F20A2F00008176C /* Info.plist */,
			);
			path = AsyncAwaitTests;
			sourceTree = "<group>";
		};
/* End PBXGroup section */

/* Begin PBXHeadersBuildPhase section */
		D3B69FCA1F20A2F00008176C /* Headers */ = {
			isa = PBXHeadersBuildPhase;
			buildActionMask = 2147483647;
			files = (
				D3B69FDE1F20A2F00008176C /* AsyncAwait.h in Headers */,
			);
			runOnlyForDeploymentPostprocessing = 0;
		};
/* End PBXHeadersBuildPhase section */

/* Begin PBXNativeTarget section */
		D3B69FCC1F20A2F00008176C /* AsyncAwait */ = {
			isa = PBXNativeTarget;
			buildConfigurationList = D3B69FE11F20A2F00008176C /* Build configuration list for PBXNativeTarget "AsyncAwait" */;
			buildPhases = (
				D3B69FC81F20A2F00008176C /* Sources */,
				D3B69FC91F20A2F00008176C /* Frameworks */,
				D3B69FCA1F20A2F00008176C /* Headers */,
				D3B69FCB1F20A2F00008176C /* Resources */,
			);
			buildRules = (
			);
			dependencies = (
			);
			name = AsyncAwait;
			productName = AsyncAwait;
			productReference = D3B69FCD1F20A2F00008176C /* AsyncAwait.framework */;
			productType = "com.apple.product-type.framework";
		};
		D3B69FD51F20A2F00008176C /* AsyncAwaitTests */ = {
			isa = PBXNativeTarget;
			buildConfigurationList = D3B69FE41F20A2F00008176C /* Build configuration list for PBXNativeTarget "AsyncAwaitTests" */;
			buildPhases = (
				D3B69FD21F20A2F00008176C /* Sources */,
				D3B69FD31F20A2F00008176C /* Frameworks */,
				D3B69FD41F20A2F00008176C /* Resources */,
			);
			buildRules = (
			);
			dependencies = (
				D3B69FD91F20A2F00008176C /* PBXTargetDependency */,
			);
			name = AsyncAwaitTests;
			productName = AsyncAwaitTests;
			productReference = D3B69FD61F20A2F00008176C /* AsyncAwaitTests.xctest */;
			productType = "com.apple.product-type.bundle.unit-test";
		};
/* End PBXNativeTarget section */

/* Begin PBXProject section */
		D3B69FC41F20A2F00008176C /* Project object */ = {
			isa = PBXProject;
			attributes = {
				LastSwiftUpdateCheck = 0830;
				LastUpgradeCheck = 0830;
				ORGANIZATIONNAME = "Codewise sp. z o.o. sp. K.";
				TargetAttributes = {
					D3B69FCC1F20A2F00008176C = {
						CreatedOnToolsVersion = 8.3.3;
						ProvisioningStyle = Automatic;
					};
					D3B69FD51F20A2F00008176C = {
						CreatedOnToolsVersion = 8.3.3;
						ProvisioningStyle = Automatic;
					};
				};
			};
			buildConfigurationList = D3B69FC71F20A2F00008176C /* Build configuration list for PBXProject "AsyncAwait" */;
			compatibilityVersion = "Xcode 3.2";
			developmentRegion = English;
			hasScannedForEncodings = 0;
			knownRegions = (
				en,
			);
			mainGroup = D3B69FC31F20A2F00008176C;
			productRefGroup = D3B69FCE1F20A2F00008176C /* Products */;
			projectDirPath = "";
			projectRoot = "";
			targets = (
				D3B69FCC1F20A2F00008176C /* AsyncAwait */,
				D3B69FD51F20A2F00008176C /* AsyncAwaitTests */,
			);
		};
/* End PBXProject section */

/* Begin PBXResourcesBuildPhase section */
		D3B69FCB1F20A2F00008176C /* Resources */ = {
			isa = PBXResourcesBuildPhase;
			buildActionMask = 2147483647;
			files = (
			);
			runOnlyForDeploymentPostprocessing = 0;
		};
		D3B69FD41F20A2F00008176C /* Resources */ = {
			isa = PBXResourcesBuildPhase;
			buildActionMask = 2147483647;
			files = (
			);
			runOnlyForDeploymentPostprocessing = 0;
		};
/* End PBXResourcesBuildPhase section */

/* Begin PBXSourcesBuildPhase section */
		D3B69FC81F20A2F00008176C /* Sources */ = {
			isa = PBXSourcesBuildPhase;
			buildActionMask = 2147483647;
			files = (
				C4AD48EDD1E6BEE361E5E310 /* Future.swift in Sources */,
				C4AD4A9B1FC21B119DE3D0EE /* AwaitError.swift in Sources */,
				C4AD4BD149558877AB62C6C3 /* AsyncAwait.swift in Sources */,
			);
			runOnlyForDeploymentPostprocessing = 0;
		};
		D3B69FD21F20A2F00008176C /* Sources */ = {
			isa = PBXSourcesBuildPhase;
			buildActionMask = 2147483647;
			files = (
				D3B69FDC1F20A2F00008176C /* AsyncAwaitTests.swift in Sources */,
			);
			runOnlyForDeploymentPostprocessing = 0;
		};
/* End PBXSourcesBuildPhase section */

/* Begin PBXTargetDependency section */
		D3B69FD91F20A2F00008176C /* PBXTargetDependency */ = {
			isa = PBXTargetDependency;
			target = D3B69FCC1F20A2F00008176C /* AsyncAwait */;
			targetProxy = D3B69FD81F20A2F00008176C /* PBXContainerItemProxy */;
		};
/* End PBXTargetDependency section */

/* Begin XCBuildConfiguration section */
		D3B69FDF1F20A2F00008176C /* Debug */ = {
			isa = XCBuildConfiguration;
			buildSettings = {
				ALWAYS_SEARCH_USER_PATHS = NO;
				CLANG_ANALYZER_NONNULL = YES;
				CLANG_ANALYZER_NUMBER_OBJECT_CONVERSION = YES_AGGRESSIVE;
				CLANG_CXX_LANGUAGE_STANDARD = "gnu++0x";
				CLANG_CXX_LIBRARY = "libc++";
				CLANG_ENABLE_MODULES = YES;
				CLANG_ENABLE_OBJC_ARC = YES;
				CLANG_WARN_BOOL_CONVERSION = YES;
				CLANG_WARN_CONSTANT_CONVERSION = YES;
				CLANG_WARN_DIRECT_OBJC_ISA_USAGE = YES_ERROR;
				CLANG_WARN_DOCUMENTATION_COMMENTS = YES;
				CLANG_WARN_EMPTY_BODY = YES;
				CLANG_WARN_ENUM_CONVERSION = YES;
				CLANG_WARN_INFINITE_RECURSION = YES;
				CLANG_WARN_INT_CONVERSION = YES;
				CLANG_WARN_OBJC_ROOT_CLASS = YES_ERROR;
				CLANG_WARN_SUSPICIOUS_MOVE = YES;
				CLANG_WARN_UNREACHABLE_CODE = YES;
				CLANG_WARN__DUPLICATE_METHOD_MATCH = YES;
				"CODE_SIGN_IDENTITY[sdk=iphoneos*]" = "iPhone Developer";
				COPY_PHASE_STRIP = NO;
				CURRENT_PROJECT_VERSION = 1;
				DEBUG_INFORMATION_FORMAT = dwarf;
				ENABLE_STRICT_OBJC_MSGSEND = YES;
				ENABLE_TESTABILITY = YES;
				GCC_C_LANGUAGE_STANDARD = gnu99;
				GCC_DYNAMIC_NO_PIC = NO;
				GCC_NO_COMMON_BLOCKS = YES;
				GCC_OPTIMIZATION_LEVEL = 0;
				GCC_PREPROCESSOR_DEFINITIONS = (
					"DEBUG=1",
					"$(inherited)",
				);
				GCC_WARN_64_TO_32_BIT_CONVERSION = YES;
				GCC_WARN_ABOUT_RETURN_TYPE = YES_ERROR;
				GCC_WARN_UNDECLARED_SELECTOR = YES;
				GCC_WARN_UNINITIALIZED_AUTOS = YES_AGGRESSIVE;
				GCC_WARN_UNUSED_FUNCTION = YES;
				GCC_WARN_UNUSED_VARIABLE = YES;
				IPHONEOS_DEPLOYMENT_TARGET = 10.3;
				MTL_ENABLE_DEBUG_INFO = YES;
				ONLY_ACTIVE_ARCH = YES;
				SDKROOT = iphoneos;
				SWIFT_ACTIVE_COMPILATION_CONDITIONS = DEBUG;
				SWIFT_OPTIMIZATION_LEVEL = "-Onone";
				TARGETED_DEVICE_FAMILY = "1,2";
				VERSIONING_SYSTEM = "apple-generic";
				VERSION_INFO_PREFIX = "";
			};
			name = Debug;
		};
		D3B69FE01F20A2F00008176C /* Release */ = {
			isa = XCBuildConfiguration;
			buildSettings = {
				ALWAYS_SEARCH_USER_PATHS = NO;
				CLANG_ANALYZER_NONNULL = YES;
				CLANG_ANALYZER_NUMBER_OBJECT_CONVERSION = YES_AGGRESSIVE;
				CLANG_CXX_LANGUAGE_STANDARD = "gnu++0x";
				CLANG_CXX_LIBRARY = "libc++";
				CLANG_ENABLE_MODULES = YES;
				CLANG_ENABLE_OBJC_ARC = YES;
				CLANG_WARN_BOOL_CONVERSION = YES;
				CLANG_WARN_CONSTANT_CONVERSION = YES;
				CLANG_WARN_DIRECT_OBJC_ISA_USAGE = YES_ERROR;
				CLANG_WARN_DOCUMENTATION_COMMENTS = YES;
				CLANG_WARN_EMPTY_BODY = YES;
				CLANG_WARN_ENUM_CONVERSION = YES;
				CLANG_WARN_INFINITE_RECURSION = YES;
				CLANG_WARN_INT_CONVERSION = YES;
				CLANG_WARN_OBJC_ROOT_CLASS = YES_ERROR;
				CLANG_WARN_SUSPICIOUS_MOVE = YES;
				CLANG_WARN_UNREACHABLE_CODE = YES;
				CLANG_WARN__DUPLICATE_METHOD_MATCH = YES;
				"CODE_SIGN_IDENTITY[sdk=iphoneos*]" = "iPhone Developer";
				COPY_PHASE_STRIP = NO;
				CURRENT_PROJECT_VERSION = 1;
				DEBUG_INFORMATION_FORMAT = "dwarf-with-dsym";
				ENABLE_NS_ASSERTIONS = NO;
				ENABLE_STRICT_OBJC_MSGSEND = YES;
				GCC_C_LANGUAGE_STANDARD = gnu99;
				GCC_NO_COMMON_BLOCKS = YES;
				GCC_WARN_64_TO_32_BIT_CONVERSION = YES;
				GCC_WARN_ABOUT_RETURN_TYPE = YES_ERROR;
				GCC_WARN_UNDECLARED_SELECTOR = YES;
				GCC_WARN_UNINITIALIZED_AUTOS = YES_AGGRESSIVE;
				GCC_WARN_UNUSED_FUNCTION = YES;
				GCC_WARN_UNUSED_VARIABLE = YES;
				IPHONEOS_DEPLOYMENT_TARGET = 10.3;
				MTL_ENABLE_DEBUG_INFO = NO;
				SDKROOT = iphoneos;
				SWIFT_OPTIMIZATION_LEVEL = "-Owholemodule";
				TARGETED_DEVICE_FAMILY = "1,2";
				VALIDATE_PRODUCT = YES;
				VERSIONING_SYSTEM = "apple-generic";
				VERSION_INFO_PREFIX = "";
			};
			name = Release;
		};
		D3B69FE21F20A2F00008176C /* Debug */ = {
			isa = XCBuildConfiguration;
			buildSettings = {
				CODE_SIGN_IDENTITY = "";
				DEFINES_MODULE = YES;
				DYLIB_COMPATIBILITY_VERSION = 1;
				DYLIB_CURRENT_VERSION = 1;
				DYLIB_INSTALL_NAME_BASE = "@rpath";
				INFOPLIST_FILE = AsyncAwait/Info.plist;
				INSTALL_PATH = "$(LOCAL_LIBRARY_DIR)/Frameworks";
				IPHONEOS_DEPLOYMENT_TARGET = 8.0;
				LD_RUNPATH_SEARCH_PATHS = "$(inherited) @executable_path/Frameworks @loader_path/Frameworks";
				PRODUCT_BUNDLE_IDENTIFIER = com.codewise.AsyncAwait;
				PRODUCT_NAME = "$(TARGET_NAME)";
				SKIP_INSTALL = YES;
				SWIFT_VERSION = 3.0;
			};
			name = Debug;
		};
		D3B69FE31F20A2F00008176C /* Release */ = {
			isa = XCBuildConfiguration;
			buildSettings = {
				CODE_SIGN_IDENTITY = "";
				DEFINES_MODULE = YES;
				DYLIB_COMPATIBILITY_VERSION = 1;
				DYLIB_CURRENT_VERSION = 1;
				DYLIB_INSTALL_NAME_BASE = "@rpath";
				INFOPLIST_FILE = AsyncAwait/Info.plist;
				INSTALL_PATH = "$(LOCAL_LIBRARY_DIR)/Frameworks";
				IPHONEOS_DEPLOYMENT_TARGET = 8.0;
				LD_RUNPATH_SEARCH_PATHS = "$(inherited) @executable_path/Frameworks @loader_path/Frameworks";
				PRODUCT_BUNDLE_IDENTIFIER = com.codewise.AsyncAwait;
				PRODUCT_NAME = "$(TARGET_NAME)";
				SKIP_INSTALL = YES;
				SWIFT_VERSION = 3.0;
			};
			name = Release;
		};
		D3B69FE51F20A2F00008176C /* Debug */ = {
			isa = XCBuildConfiguration;
			buildSettings = {
				INFOPLIST_FILE = AsyncAwaitTests/Info.plist;
				LD_RUNPATH_SEARCH_PATHS = "$(inherited) @executable_path/Frameworks @loader_path/Frameworks";
				PRODUCT_BUNDLE_IDENTIFIER = com.codewise.AsyncAwaitTests;
				PRODUCT_NAME = "$(TARGET_NAME)";
				SWIFT_VERSION = 3.0;
			};
			name = Debug;
		};
		D3B69FE61F20A2F00008176C /* Release */ = {
			isa = XCBuildConfiguration;
			buildSettings = {
				INFOPLIST_FILE = AsyncAwaitTests/Info.plist;
				LD_RUNPATH_SEARCH_PATHS = "$(inherited) @executable_path/Frameworks @loader_path/Frameworks";
				PRODUCT_BUNDLE_IDENTIFIER = com.codewise.AsyncAwaitTests;
				PRODUCT_NAME = "$(TARGET_NAME)";
				SWIFT_VERSION = 3.0;
			};
			name = Release;
		};
/* End XCBuildConfiguration section */

/* Begin XCConfigurationList section */
		D3B69FC71F20A2F00008176C /* Build configuration list for PBXProject "AsyncAwait" */ = {
			isa = XCConfigurationList;
			buildConfigurations = (
				D3B69FDF1F20A2F00008176C /* Debug */,
				D3B69FE01F20A2F00008176C /* Release */,
			);
			defaultConfigurationIsVisible = 0;
			defaultConfigurationName = Release;
		};
		D3B69FE11F20A2F00008176C /* Build configuration list for PBXNativeTarget "AsyncAwait" */ = {
			isa = XCConfigurationList;
			buildConfigurations = (
				D3B69FE21F20A2F00008176C /* Debug */,
				D3B69FE31F20A2F00008176C /* Release */,
			);
			defaultConfigurationIsVisible = 0;
		};
		D3B69FE41F20A2F00008176C /* Build configuration list for PBXNativeTarget "AsyncAwaitTests" */ = {
			isa = XCConfigurationList;
			buildConfigurations = (
				D3B69FE51F20A2F00008176C /* Debug */,
				D3B69FE61F20A2F00008176C /* Release */,
			);
			defaultConfigurationIsVisible = 0;
		};
/* End XCConfigurationList section */
	};
	rootObject = D3B69FC41F20A2F00008176C /* Project object */;
}
